
Microsoft Visual Studio Solution File, Format Version 12.00
# Visual Studio Version 16
VisualStudioVersion = 16.0.30320.27
MinimumVisualStudioVersion = 10.0.40219.1
Project("{FAE04EC0-301F-11D3-BF4B-00C04F79EFBC}") = "AspNetCoreCrud", "AspNetCoreCrud\AspNetCoreCrud.csproj", "{8583EFE8-306F-4E39-B297-FE1855643827}"
EndProject
Global
	GlobalSection(SolutionConfigurationPlatforms) = preSolution
		Debug|Any CPU = Debug|Any CPU
		Release|Any CPU = Release|Any CPU
	EndGlobalSection
	GlobalSection(ProjectConfigurationPlatforms) = postSolution
		{8583EFE8-306F-4E39-B297-FE1855643827}.Debug|Any CPU.ActiveCfg = Debug|Any CPU
		{8583EFE8-306F-4E39-B297-FE1855643827}.Debug|Any CPU.Build.0 = Debug|Any CPU
		{8583EFE8-306F-4E39-B297-FE1855643827}.Release|Any CPU.ActiveCfg = Release|Any CPU
		{8583EFE8-306F-4E39-B297-FE1855643827}.Release|Any CPU.Build.0 = Release|Any CPU
	EndGlobalSection
	GlobalSection(SolutionProperties) = preSolution
		HideSolutionNode = FALSE
	EndGlobalSection
	GlobalSection(ExtensibilityGlobals) = postSolution
		SolutionGuid = {F21EDF10-144F-415E-B487-5BA7A3DF14A4}
	EndGlobalSection
EndGlobal
